
Microsoft Visual Studio Solution File, Format Version 12.00
# Visual Studio Version 16
VisualStudioVersion = 16.0.29209.62
MinimumVisualStudioVersion = 10.0.40219.1
Project("{F184B08F-C81C-45F6-A57F-5ABD9991F28F}") = "Console16", "Console16\Console16.vbproj", "{86433492-978A-4DB9-8A23-BF9E269B3D5C}"
EndProject
Global
	GlobalSection(SolutionConfigurationPlatforms) = preSolution
		Debug|Any CPU = Debug|Any CPU
		Release|Any CPU = Release|Any CPU
	EndGlobalSection
	GlobalSection(ProjectConfigurationPlatforms) = postSolution
		{86433492-978A-4DB9-8A23-BF9E269B3D5C}.Debug|Any CPU.ActiveCfg = Debug|Any CPU
		{86433492-978A-4DB9-8A23-BF9E269B3D5C}.Debug|Any CPU.Build.0 = Debug|Any CPU
		{86433492-978A-4DB9-8A23-BF9E269B3D5C}.Release|Any CPU.ActiveCfg = Release|Any CPU
		{86433492-978A-4DB9-8A23-BF9E269B3D5C}.Release|Any CPU.Build.0 = Release|Any CPU
	EndGlobalSection
	GlobalSection(SolutionProperties) = preSolution
		HideSolutionNode = FALSE
	EndGlobalSection
	GlobalSection(ExtensibilityGlobals) = postSolution
		SolutionGuid = {238D2613-10DE-4DE7-AF20-DDE44CF9164B}
	EndGlobalSection
EndGlobal
