
Microsoft Visual Studio Solution File, Format Version 12.00
# Visual Studio Version 16
VisualStudioVersion = 16.0.29306.81
MinimumVisualStudioVersion = 10.0.40219.1
Project("{FAE04EC0-301F-11D3-BF4B-00C04F79EFBC}") = "DoBancoAoEntity", "DoBancoAoEntity\DoBancoAoEntity.csproj", "{284D5581-A20C-4A54-98E1-AFE422888FB2}"
EndProject
Global
	GlobalSection(SolutionConfigurationPlatforms) = preSolution
		Debug|Any CPU = Debug|Any CPU
		Release|Any CPU = Release|Any CPU
	EndGlobalSection
	GlobalSection(ProjectConfigurationPlatforms) = postSolution
		{284D5581-A20C-4A54-98E1-AFE422888FB2}.Debug|Any CPU.ActiveCfg = Debug|Any CPU
		{284D5581-A20C-4A54-98E1-AFE422888FB2}.Debug|Any CPU.Build.0 = Debug|Any CPU
		{284D5581-A20C-4A54-98E1-AFE422888FB2}.Release|Any CPU.ActiveCfg = Release|Any CPU
		{284D5581-A20C-4A54-98E1-AFE422888FB2}.Release|Any CPU.Build.0 = Release|Any CPU
	EndGlobalSection
	GlobalSection(SolutionProperties) = preSolution
		HideSolutionNode = FALSE
	EndGlobalSection
	GlobalSection(ExtensibilityGlobals) = postSolution
		SolutionGuid = {7E3D5ED5-9E4B-43AA-A5D3-7F7851B38554}
	EndGlobalSection
EndGlobal
