
Microsoft Visual Studio Solution File, Format Version 12.00
# Visual Studio Version 16
VisualStudioVersion = 16.0.29324.140
MinimumVisualStudioVersion = 10.0.40219.1
Project("{FAE04EC0-301F-11D3-BF4B-00C04F79EFBC}") = "RevisandoEntity", "RevisandoEntity\RevisandoEntity.csproj", "{82C25383-0CC0-4FDB-92C4-63452D2E7466}"
EndProject
Project("{FAE04EC0-301F-11D3-BF4B-00C04F79EFBC}") = "AplicacaoVisual", "AplicacaoVisual\AplicacaoVisual.csproj", "{C4C4CC46-77B3-45DF-82A0-A5277FF58ACD}"
EndProject
Global
	GlobalSection(SolutionConfigurationPlatforms) = preSolution
		Debug|Any CPU = Debug|Any CPU
		Release|Any CPU = Release|Any CPU
	EndGlobalSection
	GlobalSection(ProjectConfigurationPlatforms) = postSolution
		{82C25383-0CC0-4FDB-92C4-63452D2E7466}.Debug|Any CPU.ActiveCfg = Debug|Any CPU
		{82C25383-0CC0-4FDB-92C4-63452D2E7466}.Debug|Any CPU.Build.0 = Debug|Any CPU
		{82C25383-0CC0-4FDB-92C4-63452D2E7466}.Release|Any CPU.ActiveCfg = Release|Any CPU
		{82C25383-0CC0-4FDB-92C4-63452D2E7466}.Release|Any CPU.Build.0 = Release|Any CPU
		{C4C4CC46-77B3-45DF-82A0-A5277FF58ACD}.Debug|Any CPU.ActiveCfg = Debug|Any CPU
		{C4C4CC46-77B3-45DF-82A0-A5277FF58ACD}.Debug|Any CPU.Build.0 = Debug|Any CPU
		{C4C4CC46-77B3-45DF-82A0-A5277FF58ACD}.Release|Any CPU.ActiveCfg = Release|Any CPU
		{C4C4CC46-77B3-45DF-82A0-A5277FF58ACD}.Release|Any CPU.Build.0 = Release|Any CPU
	EndGlobalSection
	GlobalSection(SolutionProperties) = preSolution
		HideSolutionNode = FALSE
	EndGlobalSection
	GlobalSection(ExtensibilityGlobals) = postSolution
		SolutionGuid = {245CF6A4-2A40-4778-9E5A-BA05CD083CAB}
	EndGlobalSection
EndGlobal
