
Microsoft Visual Studio Solution File, Format Version 12.00
# Visual Studio Version 16
VisualStudioVersion = 16.0.29209.62
MinimumVisualStudioVersion = 10.0.40219.1
Project("{FAE04EC0-301F-11D3-BF4B-00C04F79EFBC}") = "consoleApp05", "consoleApp05\consoleApp05.csproj", "{2B976C3C-A39E-44DD-BE6C-5E29A6D07BAF}"
EndProject
Global
	GlobalSection(SolutionConfigurationPlatforms) = preSolution
		Debug|Any CPU = Debug|Any CPU
		Release|Any CPU = Release|Any CPU
	EndGlobalSection
	GlobalSection(ProjectConfigurationPlatforms) = postSolution
		{2B976C3C-A39E-44DD-BE6C-5E29A6D07BAF}.Debug|Any CPU.ActiveCfg = Debug|Any CPU
		{2B976C3C-A39E-44DD-BE6C-5E29A6D07BAF}.Debug|Any CPU.Build.0 = Debug|Any CPU
		{2B976C3C-A39E-44DD-BE6C-5E29A6D07BAF}.Release|Any CPU.ActiveCfg = Release|Any CPU
		{2B976C3C-A39E-44DD-BE6C-5E29A6D07BAF}.Release|Any CPU.Build.0 = Release|Any CPU
	EndGlobalSection
	GlobalSection(SolutionProperties) = preSolution
		HideSolutionNode = FALSE
	EndGlobalSection
	GlobalSection(ExtensibilityGlobals) = postSolution
		SolutionGuid = {0F8C45E8-2CA4-409A-B5CB-FA9A7EF314DD}
	EndGlobalSection
EndGlobal
