
Microsoft Visual Studio Solution File, Format Version 12.00
# Visual Studio Version 16
VisualStudioVersion = 16.0.29324.140
MinimumVisualStudioVersion = 10.0.40219.1
Project("{FAE04EC0-301F-11D3-BF4B-00C04F79EFBC}") = "CodeFirstTeste", "CodeFirstTeste\CodeFirstTeste.csproj", "{8B9DC155-1C33-4FDB-8F14-3F6F8EEC5A99}"
EndProject
Project("{FAE04EC0-301F-11D3-BF4B-00C04F79EFBC}") = "GambCodeFirst", "GambCodeFirst\GambCodeFirst.csproj", "{3DE2F15B-36D2-44D9-8C0B-6D6AB52E4D4C}"
EndProject
Global
	GlobalSection(SolutionConfigurationPlatforms) = preSolution
		Debug|Any CPU = Debug|Any CPU
		Release|Any CPU = Release|Any CPU
	EndGlobalSection
	GlobalSection(ProjectConfigurationPlatforms) = postSolution
		{8B9DC155-1C33-4FDB-8F14-3F6F8EEC5A99}.Debug|Any CPU.ActiveCfg = Debug|Any CPU
		{8B9DC155-1C33-4FDB-8F14-3F6F8EEC5A99}.Debug|Any CPU.Build.0 = Debug|Any CPU
		{8B9DC155-1C33-4FDB-8F14-3F6F8EEC5A99}.Release|Any CPU.ActiveCfg = Release|Any CPU
		{8B9DC155-1C33-4FDB-8F14-3F6F8EEC5A99}.Release|Any CPU.Build.0 = Release|Any CPU
		{3DE2F15B-36D2-44D9-8C0B-6D6AB52E4D4C}.Debug|Any CPU.ActiveCfg = Debug|Any CPU
		{3DE2F15B-36D2-44D9-8C0B-6D6AB52E4D4C}.Debug|Any CPU.Build.0 = Debug|Any CPU
		{3DE2F15B-36D2-44D9-8C0B-6D6AB52E4D4C}.Release|Any CPU.ActiveCfg = Release|Any CPU
		{3DE2F15B-36D2-44D9-8C0B-6D6AB52E4D4C}.Release|Any CPU.Build.0 = Release|Any CPU
	EndGlobalSection
	GlobalSection(SolutionProperties) = preSolution
		HideSolutionNode = FALSE
	EndGlobalSection
	GlobalSection(ExtensibilityGlobals) = postSolution
		SolutionGuid = {3BA19884-D6FA-4D07-BD59-01DF0EED932C}
	EndGlobalSection
EndGlobal
