
Microsoft Visual Studio Solution File, Format Version 12.00
# Visual Studio Version 16
VisualStudioVersion = 16.0.29306.81
MinimumVisualStudioVersion = 10.0.40219.1
Project("{FAE04EC0-301F-11D3-BF4B-00C04F79EFBC}") = "LocacaoBiblioteca", "LocacaoBiblioteca\LocacaoBiblioteca.csproj", "{6812FF08-E487-42B7-8802-DE11AAB83E08}"
EndProject
Project("{FAE04EC0-301F-11D3-BF4B-00C04F79EFBC}") = "InterfaceBiblioteca", "InterfaceBiblioteca\InterfaceBiblioteca.csproj", "{521F96F6-0777-4897-991D-81CC810778FC}"
EndProject
Global
	GlobalSection(SolutionConfigurationPlatforms) = preSolution
		Debug|Any CPU = Debug|Any CPU
		Release|Any CPU = Release|Any CPU
	EndGlobalSection
	GlobalSection(ProjectConfigurationPlatforms) = postSolution
		{6812FF08-E487-42B7-8802-DE11AAB83E08}.Debug|Any CPU.ActiveCfg = Debug|Any CPU
		{6812FF08-E487-42B7-8802-DE11AAB83E08}.Debug|Any CPU.Build.0 = Debug|Any CPU
		{6812FF08-E487-42B7-8802-DE11AAB83E08}.Release|Any CPU.ActiveCfg = Release|Any CPU
		{6812FF08-E487-42B7-8802-DE11AAB83E08}.Release|Any CPU.Build.0 = Release|Any CPU
		{521F96F6-0777-4897-991D-81CC810778FC}.Debug|Any CPU.ActiveCfg = Debug|Any CPU
		{521F96F6-0777-4897-991D-81CC810778FC}.Debug|Any CPU.Build.0 = Debug|Any CPU
		{521F96F6-0777-4897-991D-81CC810778FC}.Release|Any CPU.ActiveCfg = Release|Any CPU
		{521F96F6-0777-4897-991D-81CC810778FC}.Release|Any CPU.Build.0 = Release|Any CPU
	EndGlobalSection
	GlobalSection(SolutionProperties) = preSolution
		HideSolutionNode = FALSE
	EndGlobalSection
	GlobalSection(ExtensibilityGlobals) = postSolution
		SolutionGuid = {6FA38774-B577-42D6-870B-5E0C44BB7D34}
	EndGlobalSection
EndGlobal
