
Microsoft Visual Studio Solution File, Format Version 12.00
# Visual Studio Version 16
VisualStudioVersion = 16.0.29306.81
MinimumVisualStudioVersion = 10.0.40219.1
Project("{FAE04EC0-301F-11D3-BF4B-00C04F79EFBC}") = "VendasCarro", "VendasCarro\VendasCarro.csproj", "{0E487B41-FAA2-4D1F-88F2-854917B790D7}"
EndProject
Project("{FAE04EC0-301F-11D3-BF4B-00C04F79EFBC}") = "InterfaceVendas", "InterfaceVendas\InterfaceVendas.csproj", "{A1D9281E-CC63-436B-AAB3-B53350D7DE2E}"
EndProject
Global
	GlobalSection(SolutionConfigurationPlatforms) = preSolution
		Debug|Any CPU = Debug|Any CPU
		Release|Any CPU = Release|Any CPU
	EndGlobalSection
	GlobalSection(ProjectConfigurationPlatforms) = postSolution
		{0E487B41-FAA2-4D1F-88F2-854917B790D7}.Debug|Any CPU.ActiveCfg = Debug|Any CPU
		{0E487B41-FAA2-4D1F-88F2-854917B790D7}.Debug|Any CPU.Build.0 = Debug|Any CPU
		{0E487B41-FAA2-4D1F-88F2-854917B790D7}.Release|Any CPU.ActiveCfg = Release|Any CPU
		{0E487B41-FAA2-4D1F-88F2-854917B790D7}.Release|Any CPU.Build.0 = Release|Any CPU
		{A1D9281E-CC63-436B-AAB3-B53350D7DE2E}.Debug|Any CPU.ActiveCfg = Debug|Any CPU
		{A1D9281E-CC63-436B-AAB3-B53350D7DE2E}.Debug|Any CPU.Build.0 = Debug|Any CPU
		{A1D9281E-CC63-436B-AAB3-B53350D7DE2E}.Release|Any CPU.ActiveCfg = Release|Any CPU
		{A1D9281E-CC63-436B-AAB3-B53350D7DE2E}.Release|Any CPU.Build.0 = Release|Any CPU
	EndGlobalSection
	GlobalSection(SolutionProperties) = preSolution
		HideSolutionNode = FALSE
	EndGlobalSection
	GlobalSection(ExtensibilityGlobals) = postSolution
		SolutionGuid = {264DCDEE-0A12-4A69-B96F-E6609090CB7F}
	EndGlobalSection
EndGlobal
