
Microsoft Visual Studio Solution File, Format Version 12.00
# Visual Studio Version 16
VisualStudioVersion = 16.0.29306.81
MinimumVisualStudioVersion = 10.0.40219.1
Project("{FAE04EC0-301F-11D3-BF4B-00C04F79EFBC}") = "ListandoPessoas2", "ListandoPessoas2\ListandoPessoas2.csproj", "{3643E9C5-4538-4CE9-8572-CFFFD3B92651}"
EndProject
Global
	GlobalSection(SolutionConfigurationPlatforms) = preSolution
		Debug|Any CPU = Debug|Any CPU
		Release|Any CPU = Release|Any CPU
	EndGlobalSection
	GlobalSection(ProjectConfigurationPlatforms) = postSolution
		{3643E9C5-4538-4CE9-8572-CFFFD3B92651}.Debug|Any CPU.ActiveCfg = Debug|Any CPU
		{3643E9C5-4538-4CE9-8572-CFFFD3B92651}.Debug|Any CPU.Build.0 = Debug|Any CPU
		{3643E9C5-4538-4CE9-8572-CFFFD3B92651}.Release|Any CPU.ActiveCfg = Release|Any CPU
		{3643E9C5-4538-4CE9-8572-CFFFD3B92651}.Release|Any CPU.Build.0 = Release|Any CPU
	EndGlobalSection
	GlobalSection(SolutionProperties) = preSolution
		HideSolutionNode = FALSE
	EndGlobalSection
	GlobalSection(ExtensibilityGlobals) = postSolution
		SolutionGuid = {908E860B-427A-4D51-BC21-6F8851024D17}
	EndGlobalSection
EndGlobal
